
Microsoft Visual Studio Solution File, Format Version 12.00
# Visual Studio Version 16
VisualStudioVersion = 16.0.29424.173
MinimumVisualStudioVersion = 10.0.40219.1
Project("{FAE04EC0-301F-11D3-BF4B-00C04F79EFBC}") = "TestWebApp", "TestWebApp\TestWebApp.csproj", "{0CD2848B-DB73-4D4C-9CDD-059505B29604}"
EndProject
Project("{FAE04EC0-301F-11D3-BF4B-00C04F79EFBC}") = "TestWebApp.Tests", "TestWebApp.Tests\TestWebApp.Tests.csproj", "{1444C4B1-1CA7-4BFB-B35C-358CE9CFF653}"
EndProject
Global
	GlobalSection(SolutionConfigurationPlatforms) = preSolution
		Debug|Any CPU = Debug|Any CPU
		Release|Any CPU = Release|Any CPU
	EndGlobalSection
	GlobalSection(ProjectConfigurationPlatforms) = postSolution
		{0CD2848B-DB73-4D4C-9CDD-059505B29604}.Debug|Any CPU.ActiveCfg = Debug|Any CPU
		{0CD2848B-DB73-4D4C-9CDD-059505B29604}.Debug|Any CPU.Build.0 = Debug|Any CPU
		{0CD2848B-DB73-4D4C-9CDD-059505B29604}.Release|Any CPU.ActiveCfg = Release|Any CPU
		{0CD2848B-DB73-4D4C-9CDD-059505B29604}.Release|Any CPU.Build.0 = Release|Any CPU
		{1444C4B1-1CA7-4BFB-B35C-358CE9CFF653}.Debug|Any CPU.ActiveCfg = Debug|Any CPU
		{1444C4B1-1CA7-4BFB-B35C-358CE9CFF653}.Debug|Any CPU.Build.0 = Debug|Any CPU
		{1444C4B1-1CA7-4BFB-B35C-358CE9CFF653}.Release|Any CPU.ActiveCfg = Release|Any CPU
		{1444C4B1-1CA7-4BFB-B35C-358CE9CFF653}.Release|Any CPU.Build.0 = Release|Any CPU
	EndGlobalSection
	GlobalSection(SolutionProperties) = preSolution
		HideSolutionNode = FALSE
	EndGlobalSection
	GlobalSection(ExtensibilityGlobals) = postSolution
		SolutionGuid = {B75B3E7E-F44B-4DEF-AAA7-A07D76426ED9}
	EndGlobalSection
EndGlobal
